
Microsoft Visual Studio Solution File, Format Version 12.00
# Visual Studio 15
VisualStudioVersion = 15.0.26403.0
MinimumVisualStudioVersion = 10.0.40219.1
Project("{2150E333-8FDC-42A3-9474-1A3956D46DE8}") = "tests", "tests", "{3CC4ADC8-802D-4289-8FC2-3A5D5A6145CD}"
EndProject
Project("{2150E333-8FDC-42A3-9474-1A3956D46DE8}") = "Solution Items", "Solution Items", "{6543B24E-7A67-431C-AEC3-61311F906D11}"
	ProjectSection(SolutionItems) = preProject
		..\tests\global.json = ..\tests\global.json
	EndProjectSection
EndProject
Project("{9A19103F-16F7-4668-BE54-9A1E7A4F7556}") = "TestNetCore", "..\tests\TestNetCore\TestNetCore.csproj", "{27F9D195-AE30-409F-ACB9-9F31C36A146A}"
EndProject
Project("{9A19103F-16F7-4668-BE54-9A1E7A4F7556}") = "ServiceStack.Admin", "ServiceStack.Admin\ServiceStack.Admin.csproj", "{7964DBBF-7E3B-4B25-9536-11962875BFB6}"
EndProject
Project("{9A19103F-16F7-4668-BE54-9A1E7A4F7556}") = "ServiceStack.Admin.Signed", "ServiceStack.Admin\ServiceStack.Admin.Signed.csproj", "{C926D481-C552-494A-8A85-1F0270BCE4C8}"
EndProject
Global
	GlobalSection(SolutionConfigurationPlatforms) = preSolution
		Debug|Any CPU = Debug|Any CPU
		Release|Any CPU = Release|Any CPU
	EndGlobalSection
	GlobalSection(ProjectConfigurationPlatforms) = postSolution
		{27F9D195-AE30-409F-ACB9-9F31C36A146A}.Debug|Any CPU.ActiveCfg = Debug|Any CPU
		{27F9D195-AE30-409F-ACB9-9F31C36A146A}.Debug|Any CPU.Build.0 = Debug|Any CPU
		{27F9D195-AE30-409F-ACB9-9F31C36A146A}.Release|Any CPU.ActiveCfg = Release|Any CPU
		{27F9D195-AE30-409F-ACB9-9F31C36A146A}.Release|Any CPU.Build.0 = Release|Any CPU
		{7964DBBF-7E3B-4B25-9536-11962875BFB6}.Debug|Any CPU.ActiveCfg = Debug|Any CPU
		{7964DBBF-7E3B-4B25-9536-11962875BFB6}.Debug|Any CPU.Build.0 = Debug|Any CPU
		{7964DBBF-7E3B-4B25-9536-11962875BFB6}.Release|Any CPU.ActiveCfg = Release|Any CPU
		{7964DBBF-7E3B-4B25-9536-11962875BFB6}.Release|Any CPU.Build.0 = Release|Any CPU
		{C926D481-C552-494A-8A85-1F0270BCE4C8}.Debug|Any CPU.ActiveCfg = Debug|Any CPU
		{C926D481-C552-494A-8A85-1F0270BCE4C8}.Debug|Any CPU.Build.0 = Debug|Any CPU
		{C926D481-C552-494A-8A85-1F0270BCE4C8}.Release|Any CPU.ActiveCfg = Release|Any CPU
		{C926D481-C552-494A-8A85-1F0270BCE4C8}.Release|Any CPU.Build.0 = Release|Any CPU
	EndGlobalSection
	GlobalSection(SolutionProperties) = preSolution
		HideSolutionNode = FALSE
	EndGlobalSection
	GlobalSection(NestedProjects) = preSolution
		{27F9D195-AE30-409F-ACB9-9F31C36A146A} = {3CC4ADC8-802D-4289-8FC2-3A5D5A6145CD}
	EndGlobalSection
EndGlobal
